memo = "5cf939d2ab64da7d1d3a239502d77714e8e74b4fa6cabee53cdd255a50a15fc9"

[[projects]]
  branch = "master"
  name = "github.com/jorinvo/messenger"
  packages = ["."]
  revision = "a41fcd67e4f5b789a6fdd340c225dfa280c03d8a"

[[projects]]
  name = "github.com/mattn/go-sqlite3"
  packages = ["."]
  revision = "ca5e3819723d8eeaf170ad510e7da1d6d2e94a08"
  version = "v1.2.0"

[[projects]]
  branch = "master"
  name = "golang.org/x/net"
  packages = ["context"]
  revision = "7dcfb8076726a3fdd9353b6b8a1f1b6be6811bd6"
