memo = "40b763fc2e9ac1e901a2cf090b31e2d7d80035993a4b0e7ba1adca9a3a702c6f"

[[projects]]
  branch = "master"
  name = "github.com/jorinvo/messenger"
  packages = ["."]
  revision = "17fa9b59a09285f00bc7113bb76778e03f5a4de2"

[[projects]]
  name = "github.com/mattn/go-sqlite3"
  packages = ["."]
  revision = "ca5e3819723d8eeaf170ad510e7da1d6d2e94a08"
  version = "v1.2.0"

[[projects]]
  branch = "master"
  name = "github.com/pkg/errors"
  packages = ["."]
  revision = "c605e284fe17294bda444b34710735b29d1a9d90"

[[projects]]
  branch = "master"
  name = "golang.org/x/net"
  packages = ["context"]
  revision = "513929065c19401a1c7b76ecd942f9f86a0c061b"
